<?xml version="1.0" encoding="utf-8"?>
<Project ToolsVersion="4.0" xmlns="http://schemas.microsoft.com/developer/msbuild/2003">
  <ItemGroup>
    <Filter Include="appFiles">
      <UniqueIdentifier>{1a3aeb06-1a41-4a5e-ac8f-b1ff1731985d}</UniqueIdentifier>
    </Filter>
    <Filter Include="appFiles\Shaders">
      <UniqueIdentifier>{b2ad27d0-00c7-40fd-be9a-64e4e142711b}</UniqueIdentifier>
    </Filter>
    <Filter Include="appFiles\Shaders\NoTexture">
      <UniqueIdentifier>{44fd7be3-85d9-4e60-8baf-4808d5e3edf8}</UniqueIdentifier>
    </Filter>
    <Filter Include="appFiles\Shaders\Texture">
      <UniqueIdentifier>{08b3157c-8f83-4560-9767-5e930de6b567}</UniqueIdentifier>
    </Filter>
    <Filter Include="appFiles\Shaders\Text">
      <UniqueIdentifier>{4574ec18-b305-4cbe-918a-5cfb773bcd5c}</UniqueIdentifier>
    </Filter>
    <Filter Include="appFiles\Scripts Files">
      <UniqueIdentifier>{bee72af7-d777-41b2-81d8-88517fc71aad}</UniqueIdentifier>
    </Filter>
    <Filter Include="appFiles\Fonts">
      <UniqueIdentifier>{74fed0c4-6eb0-4b1b-8976-c24431bdd6db}</UniqueIdentifier>
    </Filter>
    <Filter Include="appFiles\include files">
      <UniqueIdentifier>{1f6d60c9-afd4-42b6-92e3-070581904096}</UniqueIdentifier>
    </Filter>
    <Filter Include="appFiles\Dependencies">
      <UniqueIdentifier>{c38d67f4-8e16-4cc0-8cae-d99759f3df3a}</UniqueIdentifier>
    </Filter>
  </ItemGroup>
  <ItemGroup>
    <ClCompile Include="bap\flowControl.cpp">
      <Filter>appFiles\Scripts Files</Filter>
    </ClCompile>
    <ClCompile Include="bap\globalScripts.cpp">
      <Filter>appFiles\Scripts Files</Filter>
    </ClCompile>
    <ClCompile Include="bap\input.cpp">
      <Filter>appFiles\Scripts Files</Filter>
    </ClCompile>
    <ClCompile Include="bap\IntializeShader.cpp">
      <Filter>appFiles\Scripts Files</Filter>
    </ClCompile>
    <ClCompile Include="bap\objects.cpp">
      <Filter>appFiles\Scripts Files</Filter>
    </ClCompile>
    <ClCompile Include="bap\programControl.cpp">
      <Filter>appFiles\Scripts Files</Filter>
    </ClCompile>
    <ClCompile Include="bap\progUI.cpp">
      <Filter>appFiles\Scripts Files</Filter>
    </ClCompile>
    <ClCompile Include="bap\sound.cpp">
      <Filter>appFiles\Scripts Files</Filter>
    </ClCompile>
    <ClCompile Include="bap\text.cpp">
      <Filter>appFiles\Scripts Files</Filter>
    </ClCompile>
    <ClCompile Include="bap\textureLoading.cpp">
      <Filter>appFiles\Scripts Files</Filter>
    </ClCompile>
    <ClCompile Include="Dependencies\glad\src\glad.c">
      <Filter>appFiles\Dependencies</Filter>
    </ClCompile>
    <ClCompile Include="main.cpp" />
    <ClCompile Include="bap\modelLoading.cpp">
      <Filter>appFiles\Scripts Files</Filter>
    </ClCompile>
    <ClCompile Include="bap\shapes.cpp">
      <Filter>appFiles\Scripts Files</Filter>
    </ClCompile>
    <ClCompile Include="bap\progBoiler.cpp" />
  </ItemGroup>
  <ItemGroup>
    <None Include="shaders\NTVertexShader.vert">
      <Filter>appFiles\Shaders\NoTexture</Filter>
    </None>
    <None Include="shaders\NTFragmentShader.frag">
      <Filter>appFiles\Shaders\NoTexture</Filter>
    </None>
    <None Include="shaders\TVertexShader.vert">
      <Filter>appFiles\Shaders\Texture</Filter>
    </None>
    <None Include="shaders\TFragmentShader.frag">
      <Filter>appFiles\Shaders\Texture</Filter>
    </None>
    <None Include="shaders\TextVertexShader.vert">
      <Filter>appFiles\Shaders\Text</Filter>
    </None>
    <None Include="shaders\TextFragmentShader.frag">
      <Filter>appFiles\Shaders\Text</Filter>
    </None>
    <None Include="sfml-system-d-2.dll">
      <Filter>appFiles</Filter>
    </None>
    <None Include="LICENSE">
      <Filter>appFiles</Filter>
    </None>
    <None Include="openal32.dll">
      <Filter>appFiles</Filter>
    </None>
    <None Include="sfml-audio-2.dll">
      <Filter>appFiles</Filter>
    </None>
    <None Include="sfml-audio-d-2.dll">
      <Filter>appFiles</Filter>
    </None>
    <None Include="sfml-system-2.dll">
      <Filter>appFiles</Filter>
    </None>
    <None Include="assimp-vc143-mt.dll">
      <Filter>appFiles</Filter>
    </None>
    <None Include="freetype.dll">
      <Filter>appFiles</Filter>
    </None>
  </ItemGroup>
  <ItemGroup>
    <ClInclude Include="bap\camera.h">
      <Filter>appFiles\include files</Filter>
    </ClInclude>
    <ClInclude Include="bap\constants.h">
      <Filter>appFiles\include files</Filter>
    </ClInclude>
    <ClInclude Include="bap\flowControl.h">
      <Filter>appFiles\include files</Filter>
    </ClInclude>
    <ClInclude Include="bap\globalScripts.h">
      <Filter>appFiles\include files</Filter>
    </ClInclude>
    <ClInclude Include="bap\globalVars.h">
      <Filter>appFiles\include files</Filter>
    </ClInclude>
    <ClInclude Include="bap\input.h">
      <Filter>appFiles\include files</Filter>
    </ClInclude>
    <ClInclude Include="bap\intializeShader.h">
      <Filter>appFiles\include files</Filter>
    </ClInclude>
    <ClInclude Include="bap\mathConstants.h">
      <Filter>appFiles\include files</Filter>
    </ClInclude>
    <ClInclude Include="bap\objects.h">
      <Filter>appFiles\include files</Filter>
    </ClInclude>
    <ClInclude Include="bap\objScripts.h">
      <Filter>appFiles\include files</Filter>
    </ClInclude>
    <ClInclude Include="bap\openGL.h">
      <Filter>appFiles\include files</Filter>
    </ClInclude>
    <ClInclude Include="bap\programControl.h">
      <Filter>appFiles\include files</Filter>
    </ClInclude>
    <ClInclude Include="bap\progUI.h">
      <Filter>appFiles\include files</Filter>
    </ClInclude>
    <ClInclude Include="bap\shapes.h">
      <Filter>appFiles\include files</Filter>
    </ClInclude>
    <ClInclude Include="bap\soundLoading.h">
      <Filter>appFiles\include files</Filter>
    </ClInclude>
    <ClInclude Include="bap\text.h">
      <Filter>appFiles\include files</Filter>
    </ClInclude>
    <ClInclude Include="bap\textureLoading.h">
      <Filter>appFiles\include files</Filter>
    </ClInclude>
    <ClInclude Include="bap\typeDefs.h">
      <Filter>appFiles\include files</Filter>
    </ClInclude>
    <ClInclude Include="bap\vector.h">
      <Filter>appFiles\include files</Filter>
    </ClInclude>
    <ClInclude Include="Dependencies\freeTypeInclude\ft2build.h">
      <Filter>appFiles\Dependencies</Filter>
    </ClInclude>
    <ClInclude Include="bap\modelLoading.h">
      <Filter>appFiles\include files</Filter>
    </ClInclude>
    <ClInclude Include="bap\progBoiler.h" />
  </ItemGroup>
  <ItemGroup>
    <Font Include="fonts\Arial.ttf">
      <Filter>appFiles\Fonts</Filter>
    </Font>
    <Font Include="fonts\CascadiaCode.ttf">
      <Filter>appFiles\Fonts</Filter>
    </Font>
    <Font Include="fonts\CascadiaCode-ExtraLight.ttf">
      <Filter>appFiles\Fonts</Filter>
    </Font>
    <Font Include="fonts\CascadiaCode-Light.ttf">
      <Filter>appFiles\Fonts</Filter>
    </Font>
  </ItemGroup>
  <ItemGroup>
    <Text Include="FTL.TXT">
      <Filter>appFiles</Filter>
    </Text>
  </ItemGroup>
</Project>